// !$*UTF8*$!
{
	archiveVersion = 1;
	classes = {
	};
	objectVersion = 77;
	objects = {

/* Begin PBXContainerItemProxy section */
		AEA1B3762DE22065000EEA7F /* PBXContainerItemProxy */ = {
			isa = PBXContainerItemProxy;
			containerPortal = AEA1B3602DE22063000EEA7F /* Project object */;
			proxyType = 1;
			remoteGlobalIDString = AEA1B3672DE22063000EEA7F;
			remoteInfo = BookShelf;
		};
		AEA1B3802DE22065000EEA7F /* PBXContainerItemProxy */ = {
			isa = PBXContainerItemProxy;
			containerPortal = AEA1B3602DE22063000EEA7F /* Project object */;
			proxyType = 1;
			remoteGlobalIDString = AEA1B3672DE22063000EEA7F;
			remoteInfo = BookShelf;
		};
/* End PBXContainerItemProxy section */

/* Begin PBXFileReference section */
		AEA1B3682DE22063000EEA7F /* BookShelf.app */ = {isa = PBXFileReference; explicitFileType = wrapper.application; includeInIndex = 0; path = BookShelf.app; sourceTree = BUILT_PRODUCTS_DIR; };
		AEA1B3752DE22065000EEA7F /* BookShelfTests.xctest */ = {isa = PBXFileReference; explicitFileType = wrapper.cfbundle; includeInIndex = 0; path = BookShelfTests.xctest; sourceTree = BUILT_PRODUCTS_DIR; };
		AEA1B37F2DE22065000EEA7F /* BookShelfUITests.xctest */ = {isa = PBXFileReference; explicitFileType = wrapper.cfbundle; includeInIndex = 0; path = BookShelfUITests.xctest; sourceTree = BUILT_PRODUCTS_DIR; };
/* End PBXFileReference section */

/* Begin PBXFileSystemSynchronizedBuildFileExceptionSet section */
		AEA2F0522DE23E00007AC5BE /* Exceptions for "BookShelf" folder in "BookShelfTests" target */ = {
			isa = PBXFileSystemSynchronizedBuildFileExceptionSet;
			membershipExceptions = (
				Persistence/ShelfScanDataModel.xcdatamodeld,
			);
			target = AEA1B3742DE22065000EEA7F /* BookShelfTests */;
		};
		AEA2F0542DE23ED5007AC5BE /* Exceptions for "BookShelf" folder in "BookShelfUITests" target */ = {
			isa = PBXFileSystemSynchronizedBuildFileExceptionSet;
			membershipExceptions = (
				Persistence/ShelfScanDataModel.xcdatamodeld,
			);
			target = AEA1B37E2DE22065000EEA7F /* BookShelfUITests */;
		};
/* End PBXFileSystemSynchronizedBuildFileExceptionSet section */

/* Begin PBXFileSystemSynchronizedRootGroup section */
		AEA1B36A2DE22063000EEA7F /* BookShelf */ = {
			isa = PBXFileSystemSynchronizedRootGroup;
			exceptions = (
				AEA2F0522DE23E00007AC5BE /* Exceptions for "BookShelf" folder in "BookShelfTests" target */,
				AEA2F0542DE23ED5007AC5BE /* Exceptions for "BookShelf" folder in "BookShelfUITests" target */,
			);
			path = BookShelf;
			sourceTree = "<group>";
		};
		AEA1B3782DE22065000EEA7F /* BookShelfTests */ = {
			isa = PBXFileSystemSynchronizedRootGroup;
			path = BookShelfTests;
			sourceTree = "<group>";
		};
/* End PBXFileSystemSynchronizedRootGroup section */

/* Begin PBXFrameworksBuildPhase section */
		AEA1B3652DE22063000EEA7F /* Frameworks */ = {
			isa = PBXFrameworksBuildPhase;
			buildActionMask = 2147483647;
			files = (
			);
			runOnlyForDeploymentPostprocessing = 0;
		};
		AEA1B3722DE22065000EEA7F /* Frameworks */ = {
			isa = PBXFrameworksBuildPhase;
			buildActionMask = 2147483647;
			files = (
			);
			runOnlyForDeploymentPostprocessing = 0;
		};
		AEA1B37C2DE22065000EEA7F /* Frameworks */ = {
			isa = PBXFrameworksBuildPhase;
			buildActionMask = 2147483647;
			files = (
			);
			runOnlyForDeploymentPostprocessing = 0;
		};
/* End PBXFrameworksBuildPhase section */

/* Begin PBXGroup section */
		AEA1B35F2DE22063000EEA7F = {
			isa = PBXGroup;
			children = (
				AEA1B36A2DE22063000EEA7F /* BookShelf */,
				AEA1B3782DE22065000EEA7F /* BookShelfTests */,
				AEA1B3692DE22063000EEA7F /* Products */,
			);
			sourceTree = "<group>";
		};
		AEA1B3692DE22063000EEA7F /* Products */ = {
			isa = PBXGroup;
			children = (
				AEA1B3682DE22063000EEA7F /* BookShelf.app */,
				AEA1B3752DE22065000EEA7F /* BookShelfTests.xctest */,
				AEA1B37F2DE22065000EEA7F /* BookShelfUITests.xctest */,
			);
			name = Products;
			sourceTree = "<group>";
		};
/* End PBXGroup section */

/* Begin PBXNativeTarget section */
		AEA1B3672DE22063000EEA7F /* BookShelf */ = {
			isa = PBXNativeTarget;
			buildConfigurationList = AEA1B3892DE22065000EEA7F /* Build configuration list for PBXNativeTarget "BookShelf" */;
			buildPhases = (
				AEA1B3642DE22063000EEA7F /* Sources */,
				AEA1B3652DE22063000EEA7F /* Frameworks */,
				AEA1B3662DE22063000EEA7F /* Resources */,
			);
			buildRules = (
			);
			dependencies = (
			);
			fileSystemSynchronizedGroups = (
				AEA1B36A2DE22063000EEA7F /* BookShelf */,
			);
			name = BookShelf;
			packageProductDependencies = (
			);
			productName = BookShelf;
			productReference = AEA1B3682DE22063000EEA7F /* BookShelf.app */;
			productType = "com.apple.product-type.application";
		};
		AEA1B3742DE22065000EEA7F /* BookShelfTests */ = {
			isa = PBXNativeTarget;
			buildConfigurationList = AEA1B38C2DE22065000EEA7F /* Build configuration list for PBXNativeTarget "BookShelfTests" */;
			buildPhases = (
				AEA1B3712DE22065000EEA7F /* Sources */,
				AEA1B3722DE22065000EEA7F /* Frameworks */,
				AEA1B3732DE22065000EEA7F /* Resources */,
			);
			buildRules = (
			);
			dependencies = (
				AEA1B3772DE22065000EEA7F /* PBXTargetDependency */,
			);
			fileSystemSynchronizedGroups = (
				AEA1B3782DE22065000EEA7F /* BookShelfTests */,
			);
			name = BookShelfTests;
			packageProductDependencies = (
			);
			productName = BookShelfTests;
			productReference = AEA1B3752DE22065000EEA7F /* BookShelfTests.xctest */;
			productType = "com.apple.product-type.bundle.unit-test";
		};
		AEA1B37E2DE22065000EEA7F /* BookShelfUITests */ = {
			isa = PBXNativeTarget;
			buildConfigurationList = AEA1B38F2DE22065000EEA7F /* Build configuration list for PBXNativeTarget "BookShelfUITests" */;
			buildPhases = (
				AEA1B37B2DE22065000EEA7F /* Sources */,
				AEA1B37C2DE22065000EEA7F /* Frameworks */,
				AEA1B37D2DE22065000EEA7F /* Resources */,
			);
			buildRules = (
			);
			dependencies = (
				AEA1B3812DE22065000EEA7F /* PBXTargetDependency */,
			);
			name = BookShelfUITests;
			packageProductDependencies = (
			);
			productName = BookShelfUITests;
			productReference = AEA1B37F2DE22065000EEA7F /* BookShelfUITests.xctest */;
			productType = "com.apple.product-type.bundle.ui-testing";
		};
/* End PBXNativeTarget section */

/* Begin PBXProject section */
		AEA1B3602DE22063000EEA7F /* Project object */ = {
			isa = PBXProject;
			attributes = {
				BuildIndependentTargetsInParallel = 1;
				LastSwiftUpdateCheck = 1630;
				LastUpgradeCheck = 1630;
				TargetAttributes = {
					AEA1B3672DE22063000EEA7F = {
						CreatedOnToolsVersion = 16.3;
					};
					AEA1B3742DE22065000EEA7F = {
						CreatedOnToolsVersion = 16.3;
						TestTargetID = AEA1B3672DE22063000EEA7F;
					};
					AEA1B37E2DE22065000EEA7F = {
						CreatedOnToolsVersion = 16.3;
						TestTargetID = AEA1B3672DE22063000EEA7F;
					};
				};
			};
			buildConfigurationList = AEA1B3632DE22063000EEA7F /* Build configuration list for PBXProject "BookShelf" */;
			developmentRegion = en;
			hasScannedForEncodings = 0;
			knownRegions = (
				en,
				Base,
			);
			mainGroup = AEA1B35F2DE22063000EEA7F;
			minimizedProjectReferenceProxies = 1;
			preferredProjectObjectVersion = 77;
			productRefGroup = AEA1B3692DE22063000EEA7F /* Products */;
			projectDirPath = "";
			projectRoot = "";
			targets = (
				AEA1B3672DE22063000EEA7F /* BookShelf */,
				AEA1B3742DE22065000EEA7F /* BookShelfTests */,
				AEA1B37E2DE22065000EEA7F /* BookShelfUITests */,
			);
		};
/* End PBXProject section */

/* Begin PBXResourcesBuildPhase section */
		AEA1B3662DE22063000EEA7F /* Resources */ = {
			isa = PBXResourcesBuildPhase;
			buildActionMask = 2147483647;
			files = (
			);
			runOnlyForDeploymentPostprocessing = 0;
		};
		AEA1B3732DE22065000EEA7F /* Resources */ = {
			isa = PBXResourcesBuildPhase;
			buildActionMask = 2147483647;
			files = (
			);
			runOnlyForDeploymentPostprocessing = 0;
		};
		AEA1B37D2DE22065000EEA7F /* Resources */ = {
			isa = PBXResourcesBuildPhase;
			buildActionMask = 2147483647;
			files = (
			);
			runOnlyForDeploymentPostprocessing = 0;
		};
/* End PBXResourcesBuildPhase section */

/* Begin PBXSourcesBuildPhase section */
		AEA1B3642DE22063000EEA7F /* Sources */ = {
			isa = PBXSourcesBuildPhase;
			buildActionMask = 2147483647;
			files = (
			);
			runOnlyForDeploymentPostprocessing = 0;
		};
		AEA1B3712DE22065000EEA7F /* Sources */ = {
			isa = PBXSourcesBuildPhase;
			buildActionMask = 2147483647;
			files = (
			);
			runOnlyForDeploymentPostprocessing = 0;
		};
		AEA1B37B2DE22065000EEA7F /* Sources */ = {
			isa = PBXSourcesBuildPhase;
			buildActionMask = 2147483647;
			files = (
			);
			runOnlyForDeploymentPostprocessing = 0;
		};
/* End PBXSourcesBuildPhase section */

/* Begin PBXTargetDependency section */
		AEA1B3772DE22065000EEA7F /* PBXTargetDependency */ = {
			isa = PBXTargetDependency;
			target = AEA1B3672DE22063000EEA7F /* BookShelf */;
			targetProxy = AEA1B3762DE22065000EEA7F /* PBXContainerItemProxy */;
		};
		AEA1B3812DE22065000EEA7F /* PBXTargetDependency */ = {
			isa = PBXTargetDependency;
			target = AEA1B3672DE22063000EEA7F /* BookShelf */;
			targetProxy = AEA1B3802DE22065000EEA7F /* PBXContainerItemProxy */;
		};
/* End PBXTargetDependency section */

/* Begin XCBuildConfiguration section */
		AEA1B3872DE22065000EEA7F /* Debug */ = {
			isa = XCBuildConfiguration;
			buildSettings = {
				ALWAYS_SEARCH_USER_PATHS = NO;
				ASSETCATALOG_COMPILER_GENERATE_SWIFT_ASSET_SYMBOL_EXTENSIONS = YES;
				CLANG_ANALYZER_NONNULL = YES;
				CLANG_ANALYZER_NUMBER_OBJECT_CONVERSION = YES_AGGRESSIVE;
				CLANG_CXX_LANGUAGE_STANDARD = "gnu++20";
				CLANG_ENABLE_MODULES = YES;
				CLANG_ENABLE_OBJC_ARC = YES;
				CLANG_ENABLE_OBJC_WEAK = YES;
				CLANG_WARN_BLOCK_CAPTURE_AUTORELEASING = YES;
				CLANG_WARN_BOOL_CONVERSION = YES;
				CLANG_WARN_COMMA = YES;
				CLANG_WARN_CONSTANT_CONVERSION = YES;
				CLANG_WARN_DEPRECATED_OBJC_IMPLEMENTATIONS = YES;
				CLANG_WARN_DIRECT_OBJC_ISA_USAGE = YES_ERROR;
				CLANG_WARN_DOCUMENTATION_COMMENTS = YES;
				CLANG_WARN_EMPTY_BODY = YES;
				CLANG_WARN_ENUM_CONVERSION = YES;
				CLANG_WARN_INFINITE_RECURSION = YES;
				CLANG_WARN_INT_CONVERSION = YES;
				CLANG_WARN_NON_LITERAL_NULL_CONVERSION = YES;
				CLANG_WARN_OBJC_IMPLICIT_RETAIN_SELF = YES;
				CLANG_WARN_OBJC_LITERAL_CONVERSION = YES;
				CLANG_WARN_OBJC_ROOT_CLASS = YES_ERROR;
				CLANG_WARN_QUOTED_INCLUDE_IN_FRAMEWORK_HEADER = YES;
				CLANG_WARN_RANGE_LOOP_ANALYSIS = YES;
				CLANG_WARN_STRICT_PROTOTYPES = YES;
				CLANG_WARN_SUSPICIOUS_MOVE = YES;
				CLANG_WARN_UNGUARDED_AVAILABILITY = YES_AGGRESSIVE;
				CLANG_WARN_UNREACHABLE_CODE = YES;
				CLANG_WARN__DUPLICATE_METHOD_MATCH = YES;
				COPY_PHASE_STRIP = NO;
				DEBUG_INFORMATION_FORMAT = dwarf;
				DEVELOPMENT_TEAM = C452Q6VA5S;
				ENABLE_STRICT_OBJC_MSGSEND = YES;
				ENABLE_TESTABILITY = YES;
				ENABLE_USER_SCRIPT_SANDBOXING = YES;
				GCC_C_LANGUAGE_STANDARD = gnu17;
				GCC_DYNAMIC_NO_PIC = NO;
				GCC_NO_COMMON_BLOCKS = YES;
				GCC_OPTIMIZATION_LEVEL = 0;
				GCC_PREPROCESSOR_DEFINITIONS = (
					"DEBUG=1",
					"$(inherited)",
				);
				GCC_WARN_64_TO_32_BIT_CONVERSION = YES;
				GCC_WARN_ABOUT_RETURN_TYPE = YES_ERROR;
				GCC_WARN_UNDECLARED_SELECTOR = YES;
				GCC_WARN_UNINITIALIZED_AUTOS = YES_AGGRESSIVE;
				GCC_WARN_UNUSED_FUNCTION = YES;
				GCC_WARN_UNUSED_VARIABLE = YES;
				IPHONEOS_DEPLOYMENT_TARGET = 18.4;
				LOCALIZATION_PREFERS_STRING_CATALOGS = YES;
				MTL_ENABLE_DEBUG_INFO = INCLUDE_SOURCE;
				MTL_FAST_MATH = YES;
				ONLY_ACTIVE_ARCH = YES;
				SDKROOT = iphoneos;
				SWIFT_ACTIVE_COMPILATION_CONDITIONS = "DEBUG $(inherited)";
				SWIFT_OPTIMIZATION_LEVEL = "-Onone";
			};
			name = Debug;
		};
		AEA1B3882DE22065000EEA7F /* Release */ = {
			isa = XCBuildConfiguration;
			buildSettings = {
				ALWAYS_SEARCH_USER_PATHS = NO;
				ASSETCATALOG_COMPILER_GENERATE_SWIFT_ASSET_SYMBOL_EXTENSIONS = YES;
				CLANG_ANALYZER_NONNULL = YES;
				CLANG_ANALYZER_NUMBER_OBJECT_CONVERSION = YES_AGGRESSIVE;
				CLANG_CXX_LANGUAGE_STANDARD = "gnu++20";
				CLANG_ENABLE_MODULES = YES;
				CLANG_ENABLE_OBJC_ARC = YES;
				CLANG_ENABLE_OBJC_WEAK = YES;
				CLANG_WARN_BLOCK_CAPTURE_AUTORELEASING = YES;
				CLANG_WARN_BOOL_CONVERSION = YES;
				CLANG_WARN_COMMA = YES;
				CLANG_WARN_CONSTANT_CONVERSION = YES;
				CLANG_WARN_DEPRECATED_OBJC_IMPLEMENTATIONS = YES;
				CLANG_WARN_DIRECT_OBJC_ISA_USAGE = YES_ERROR;
				CLANG_WARN_DOCUMENTATION_COMMENTS = YES;
				CLANG_WARN_EMPTY_BODY = YES;
				CLANG_WARN_ENUM_CONVERSION = YES;
				CLANG_WARN_INFINITE_RECURSION = YES;
				CLANG_WARN_INT_CONVERSION = YES;
				CLANG_WARN_NON_LITERAL_NULL_CONVERSION = YES;
				CLANG_WARN_OBJC_IMPLICIT_RETAIN_SELF = YES;
				CLANG_WARN_OBJC_LITERAL_CONVERSION = YES;
				CLANG_WARN_OBJC_ROOT_CLASS = YES_ERROR;
				CLANG_WARN_QUOTED_INCLUDE_IN_FRAMEWORK_HEADER = YES;
				CLANG_WARN_RANGE_LOOP_ANALYSIS = YES;
				CLANG_WARN_STRICT_PROTOTYPES = YES;
				CLANG_WARN_SUSPICIOUS_MOVE = YES;
				CLANG_WARN_UNGUARDED_AVAILABILITY = YES_AGGRESSIVE;
				CLANG_WARN_UNREACHABLE_CODE = YES;
				CLANG_WARN__DUPLICATE_METHOD_MATCH = YES;
				COPY_PHASE_STRIP = NO;
				DEBUG_INFORMATION_FORMAT = "dwarf-with-dsym";
				DEVELOPMENT_TEAM = C452Q6VA5S;
				ENABLE_NS_ASSERTIONS = NO;
				ENABLE_STRICT_OBJC_MSGSEND = YES;
				ENABLE_USER_SCRIPT_SANDBOXING = YES;
				GCC_C_LANGUAGE_STANDARD = gnu17;
				GCC_NO_COMMON_BLOCKS = YES;
				GCC_WARN_64_TO_32_BIT_CONVERSION = YES;
				GCC_WARN_ABOUT_RETURN_TYPE = YES_ERROR;
				GCC_WARN_UNDECLARED_SELECTOR = YES;
				GCC_WARN_UNINITIALIZED_AUTOS = YES_AGGRESSIVE;
				GCC_WARN_UNUSED_FUNCTION = YES;
				GCC_WARN_UNUSED_VARIABLE = YES;
				IPHONEOS_DEPLOYMENT_TARGET = 18.4;
				LOCALIZATION_PREFERS_STRING_CATALOGS = YES;
				MTL_ENABLE_DEBUG_INFO = NO;
				MTL_FAST_MATH = YES;
				SDKROOT = iphoneos;
				SWIFT_COMPILATION_MODE = wholemodule;
				VALIDATE_PRODUCT = YES;
			};
			name = Release;
		};
		AEA1B38A2DE22065000EEA7F /* Debug */ = {
			isa = XCBuildConfiguration;
			buildSettings = {
				ASSETCATALOG_COMPILER_APPICON_NAME = AppIcon;
				ASSETCATALOG_COMPILER_GLOBAL_ACCENT_COLOR_NAME = AccentColor;
				CODE_SIGN_STYLE = Automatic;
				CURRENT_PROJECT_VERSION = 1;
				DEVELOPMENT_TEAM = C452Q6VA5S;
				ENABLE_PREVIEWS = YES;
				GENERATE_INFOPLIST_FILE = YES;
				INFOPLIST_KEY_UIApplicationSceneManifest_Generation = YES;
				INFOPLIST_KEY_UIApplicationSupportsIndirectInputEvents = YES;
				INFOPLIST_KEY_UILaunchScreen_Generation = YES;
				INFOPLIST_KEY_UISupportedInterfaceOrientations_iPad = "UIInterfaceOrientationPortrait UIInterfaceOrientationPortraitUpsideDown UIInterfaceOrientationLandscapeLeft UIInterfaceOrientationLandscapeRight";
				INFOPLIST_KEY_UISupportedInterfaceOrientations_iPhone = "UIInterfaceOrientationPortrait UIInterfaceOrientationLandscapeLeft UIInterfaceOrientationLandscapeRight";
				LD_RUNPATH_SEARCH_PATHS = (
					"$(inherited)",
					"@executable_path/Frameworks",
				);
				MARKETING_VERSION = 1.0;
				PRODUCT_BUNDLE_IDENTIFIER = com.endomobile.BookShelf;
				PRODUCT_NAME = "$(TARGET_NAME)";
				SWIFT_EMIT_LOC_STRINGS = YES;
				SWIFT_VERSION = 5.0;
				TARGETED_DEVICE_FAMILY = "1,2";
			};
			name = Debug;
		};
		AEA1B38B2DE22065000EEA7F /* Release */ = {
			isa = XCBuildConfiguration;
			buildSettings = {
				ASSETCATALOG_COMPILER_APPICON_NAME = AppIcon;
				ASSETCATALOG_COMPILER_GLOBAL_ACCENT_COLOR_NAME = AccentColor;
				CODE_SIGN_STYLE = Automatic;
				CURRENT_PROJECT_VERSION = 1;
				DEVELOPMENT_TEAM = C452Q6VA5S;
				ENABLE_PREVIEWS = YES;
				GENERATE_INFOPLIST_FILE = YES;
				INFOPLIST_KEY_UIApplicationSceneManifest_Generation = YES;
				INFOPLIST_KEY_UIApplicationSupportsIndirectInputEvents = YES;
				INFOPLIST_KEY_UILaunchScreen_Generation = YES;
				INFOPLIST_KEY_UISupportedInterfaceOrientations_iPad = "UIInterfaceOrientationPortrait UIInterfaceOrientationPortraitUpsideDown UIInterfaceOrientationLandscapeLeft UIInterfaceOrientationLandscapeRight";
				INFOPLIST_KEY_UISupportedInterfaceOrientations_iPhone = "UIInterfaceOrientationPortrait UIInterfaceOrientationLandscapeLeft UIInterfaceOrientationLandscapeRight";
				LD_RUNPATH_SEARCH_PATHS = (
					"$(inherited)",
					"@executable_path/Frameworks",
				);
				MARKETING_VERSION = 1.0;
				PRODUCT_BUNDLE_IDENTIFIER = com.endomobile.BookShelf;
				PRODUCT_NAME = "$(TARGET_NAME)";
				SWIFT_EMIT_LOC_STRINGS = YES;
				SWIFT_VERSION = 5.0;
				TARGETED_DEVICE_FAMILY = "1,2";
			};
			name = Release;
		};
		AEA1B38D2DE22065000EEA7F /* Debug */ = {
			isa = XCBuildConfiguration;
			buildSettings = {
				BUNDLE_LOADER = "$(TEST_HOST)";
				CODE_SIGN_STYLE = Automatic;
				CURRENT_PROJECT_VERSION = 1;
				DEVELOPMENT_TEAM = C452Q6VA5S;
				GENERATE_INFOPLIST_FILE = YES;
				IPHONEOS_DEPLOYMENT_TARGET = 18.4;
				MARKETING_VERSION = 1.0;
				PRODUCT_BUNDLE_IDENTIFIER = com.endomobile.BookShelfTests;
				PRODUCT_NAME = "$(TARGET_NAME)";
				SWIFT_EMIT_LOC_STRINGS = NO;
				SWIFT_VERSION = 5.0;
				TARGETED_DEVICE_FAMILY = "1,2";
				TEST_HOST = "$(BUILT_PRODUCTS_DIR)/BookShelf.app/$(BUNDLE_EXECUTABLE_FOLDER_PATH)/BookShelf";
			};
			name = Debug;
		};
		AEA1B38E2DE22065000EEA7F /* Release */ = {
			isa = XCBuildConfiguration;
			buildSettings = {
				BUNDLE_LOADER = "$(TEST_HOST)";
				CODE_SIGN_STYLE = Automatic;
				CURRENT_PROJECT_VERSION = 1;
				DEVELOPMENT_TEAM = C452Q6VA5S;
				GENERATE_INFOPLIST_FILE = YES;
				IPHONEOS_DEPLOYMENT_TARGET = 18.4;
				MARKETING_VERSION = 1.0;
				PRODUCT_BUNDLE_IDENTIFIER = com.endomobile.BookShelfTests;
				PRODUCT_NAME = "$(TARGET_NAME)";
				SWIFT_EMIT_LOC_STRINGS = NO;
				SWIFT_VERSION = 5.0;
				TARGETED_DEVICE_FAMILY = "1,2";
				TEST_HOST = "$(BUILT_PRODUCTS_DIR)/BookShelf.app/$(BUNDLE_EXECUTABLE_FOLDER_PATH)/BookShelf";
			};
			name = Release;
		};
		AEA1B3902DE22065000EEA7F /* Debug */ = {
			isa = XCBuildConfiguration;
			buildSettings = {
				CODE_SIGN_STYLE = Automatic;
				CURRENT_PROJECT_VERSION = 1;
				DEVELOPMENT_TEAM = C452Q6VA5S;
				GENERATE_INFOPLIST_FILE = YES;
				MARKETING_VERSION = 1.0;
				PRODUCT_BUNDLE_IDENTIFIER = com.endomobile.BookShelfUITests;
				PRODUCT_NAME = "$(TARGET_NAME)";
				SWIFT_EMIT_LOC_STRINGS = NO;
				SWIFT_VERSION = 5.0;
				TARGETED_DEVICE_FAMILY = "1,2";
				TEST_TARGET_NAME = BookShelf;
			};
			name = Debug;
		};
		AEA1B3912DE22065000EEA7F /* Release */ = {
			isa = XCBuildConfiguration;
			buildSettings = {
				CODE_SIGN_STYLE = Automatic;
				CURRENT_PROJECT_VERSION = 1;
				DEVELOPMENT_TEAM = C452Q6VA5S;
				GENERATE_INFOPLIST_FILE = YES;
				MARKETING_VERSION = 1.0;
				PRODUCT_BUNDLE_IDENTIFIER = com.endomobile.BookShelfUITests;
				PRODUCT_NAME = "$(TARGET_NAME)";
				SWIFT_EMIT_LOC_STRINGS = NO;
				SWIFT_VERSION = 5.0;
				TARGETED_DEVICE_FAMILY = "1,2";
				TEST_TARGET_NAME = BookShelf;
			};
			name = Release;
		};
/* End XCBuildConfiguration section */

/* Begin XCConfigurationList section */
		AEA1B3632DE22063000EEA7F /* Build configuration list for PBXProject "BookShelf" */ = {
			isa = XCConfigurationList;
			buildConfigurations = (
				AEA1B3872DE22065000EEA7F /* Debug */,
				AEA1B3882DE22065000EEA7F /* Release */,
			);
			defaultConfigurationIsVisible = 0;
			defaultConfigurationName = Release;
		};
		AEA1B3892DE22065000EEA7F /* Build configuration list for PBXNativeTarget "BookShelf" */ = {
			isa = XCConfigurationList;
			buildConfigurations = (
				AEA1B38A2DE22065000EEA7F /* Debug */,
				AEA1B38B2DE22065000EEA7F /* Release */,
			);
			defaultConfigurationIsVisible = 0;
			defaultConfigurationName = Release;
		};
		AEA1B38C2DE22065000EEA7F /* Build configuration list for PBXNativeTarget "BookShelfTests" */ = {
			isa = XCConfigurationList;
			buildConfigurations = (
				AEA1B38D2DE22065000EEA7F /* Debug */,
				AEA1B38E2DE22065000EEA7F /* Release */,
			);
			defaultConfigurationIsVisible = 0;
			defaultConfigurationName = Release;
		};
		AEA1B38F2DE22065000EEA7F /* Build configuration list for PBXNativeTarget "BookShelfUITests" */ = {
			isa = XCConfigurationList;
			buildConfigurations = (
				AEA1B3902DE22065000EEA7F /* Debug */,
				AEA1B3912DE22065000EEA7F /* Release */,
			);
			defaultConfigurationIsVisible = 0;
			defaultConfigurationName = Release;
		};
/* End XCConfigurationList section */
	};
	rootObject = AEA1B3602DE22063000EEA7F /* Project object */;
}
